// !$*UTF8*$!
{
	archiveVersion = 1;
	classes = {
	};
	objectVersion = 46;
	objects = {

/* Begin PBXBuildFile section */
		44550B83597BAFB660CCA8FA /* libPods-ZokomaUITests.a in Frameworks */ = {isa = PBXBuildFile; fileRef = ED80D68E289712544393C636 /* libPods-ZokomaUITests.a */; settings = {ATTRIBUTES = (Required, ); }; };
		8204ABC91D44A94C00B31E14 /* container in Resources */ = {isa = PBXBuildFile; fileRef = 8204ABC81D44A94C00B31E14 /* container */; };
		820F56631C04309F00EBC7DE /* AppDelegate.swift in Sources */ = {isa = PBXBuildFile; fileRef = 820F56621C04309F00EBC7DE /* AppDelegate.swift */; };
		820F56681C04309F00EBC7DE /* Main.storyboard in Resources */ = {isa = PBXBuildFile; fileRef = 820F56661C04309F00EBC7DE /* Main.storyboard */; };
		820F566A1C04309F00EBC7DE /* Assets.xcassets in Resources */ = {isa = PBXBuildFile; fileRef = 820F56691C04309F00EBC7DE /* Assets.xcassets */; };
		820F566D1C04309F00EBC7DE /* LaunchScreen.storyboard in Resources */ = {isa = PBXBuildFile; fileRef = 820F566B1C04309F00EBC7DE /* LaunchScreen.storyboard */; };
		820F56781C04309F00EBC7DE /* ZokomaTests.swift in Sources */ = {isa = PBXBuildFile; fileRef = 820F56771C04309F00EBC7DE /* ZokomaTests.swift */; };
		820F56831C04309F00EBC7DE /* ZokomaUITests.swift in Sources */ = {isa = PBXBuildFile; fileRef = 820F56821C04309F00EBC7DE /* ZokomaUITests.swift */; };
		820F56911C04484700EBC7DE /* RestaurantTableViewController.swift in Sources */ = {isa = PBXBuildFile; fileRef = 820F56901C04484700EBC7DE /* RestaurantTableViewController.swift */; };
		820F56931C04575B00EBC7DE /* CustomTableViewCell.swift in Sources */ = {isa = PBXBuildFile; fileRef = 820F56921C04575B00EBC7DE /* CustomTableViewCell.swift */; };
		821331E81C291DF000DEB816 /* PageContentViewController.swift in Sources */ = {isa = PBXBuildFile; fileRef = 821331E71C291DF000DEB816 /* PageContentViewController.swift */; };
		821331EA1C29215900DEB816 /* PageViewController.swift in Sources */ = {isa = PBXBuildFile; fileRef = 821331E91C29215900DEB816 /* PageViewController.swift */; };
		821B97AC1C0CA16700533591 /* ReviewViewController.swift in Sources */ = {isa = PBXBuildFile; fileRef = 821B97AB1C0CA16700533591 /* ReviewViewController.swift */; };
		824C592A1C06CBAC00506CC3 /* DetailViewController.swift in Sources */ = {isa = PBXBuildFile; fileRef = 824C59291C06CBAC00506CC3 /* DetailViewController.swift */; };
		824C592C1C06F36E00506CC3 /* Restaurant.swift in Sources */ = {isa = PBXBuildFile; fileRef = 824C592B1C06F36E00506CC3 /* Restaurant.swift */; };
		824C59321C07653700506CC3 /* DetailTableViewCell.swift in Sources */ = {isa = PBXBuildFile; fileRef = 824C59311C07653700506CC3 /* DetailTableViewCell.swift */; };
		82520FF71C0F15D00022B38F /* MapViewController.swift in Sources */ = {isa = PBXBuildFile; fileRef = 82520FF61C0F15D00022B38F /* MapViewController.swift */; };
		825352161D3FD074005F4EB6 /* GoogleService-Info.plist in Resources */ = {isa = PBXBuildFile; fileRef = 825352151D3FD074005F4EB6 /* GoogleService-Info.plist */; };
		8257EE961C1AC649002E27A1 /* FeedMapViewController.swift in Sources */ = {isa = PBXBuildFile; fileRef = 8257EE951C1AC649002E27A1 /* FeedMapViewController.swift */; };
		826FE0C31C1158E6005C8370 /* Zokoma.xcdatamodeld in Sources */ = {isa = PBXBuildFile; fileRef = 826FE0C11C1158E6005C8370 /* Zokoma.xcdatamodeld */; };
		82841B131C194FF6004BA230 /* CloudKit.framework in Frameworks */ = {isa = PBXBuildFile; fileRef = 82841B121C194FF6004BA230 /* CloudKit.framework */; };
		82841B151C195A66004BA230 /* FeedTableViewController.swift in Sources */ = {isa = PBXBuildFile; fileRef = 82841B141C195A66004BA230 /* FeedTableViewController.swift */; };
		82841B171C19873B004BA230 /* FeedDetailViewController.swift in Sources */ = {isa = PBXBuildFile; fileRef = 82841B161C19873B004BA230 /* FeedDetailViewController.swift */; };
		82B8839A1C170D32004CE95A /* AboutViewController.swift in Sources */ = {isa = PBXBuildFile; fileRef = 82B883991C170D32004CE95A /* AboutViewController.swift */; };
		82B8839C1C170EC3004CE95A /* WebViewController.swift in Sources */ = {isa = PBXBuildFile; fileRef = 82B8839B1C170EC3004CE95A /* WebViewController.swift */; };
		82DEF3041C10433C00CBBC65 /* AddTableViewController.swift in Sources */ = {isa = PBXBuildFile; fileRef = 82DEF3031C10433C00CBBC65 /* AddTableViewController.swift */; };
		82F0B6121C0DAC2A007B8134 /* ShareViewController.swift in Sources */ = {isa = PBXBuildFile; fileRef = 82F0B6111C0DAC2A007B8134 /* ShareViewController.swift */; };
		82F0B6141C0DF7A3007B8134 /* MapKit.framework in Frameworks */ = {isa = PBXBuildFile; fileRef = 82F0B6131C0DF7A3007B8134 /* MapKit.framework */; };
		E8E82AEA130A5A185FFC46F2 /* libPods-ZokomaTests.a in Frameworks */ = {isa = PBXBuildFile; fileRef = A30FAA5E45797997B7EF5477 /* libPods-ZokomaTests.a */; settings = {ATTRIBUTES = (Required, ); }; };
		EF1A334B3A9066793DA7EA58 /* libPods-Zokoma.a in Frameworks */ = {isa = PBXBuildFile; fileRef = 52AE02462FCCC8284CD3A143 /* libPods-Zokoma.a */; };
/* End PBXBuildFile section */

/* Begin PBXContainerItemProxy section */
		820F56741C04309F00EBC7DE /* PBXContainerItemProxy */ = {
			isa = PBXContainerItemProxy;
			containerPortal = 820F56571C04309F00EBC7DE /* Project object */;
			proxyType = 1;
			remoteGlobalIDString = 820F565E1C04309F00EBC7DE;
			remoteInfo = Zokoma;
		};
		820F567F1C04309F00EBC7DE /* PBXContainerItemProxy */ = {
			isa = PBXContainerItemProxy;
			containerPortal = 820F56571C04309F00EBC7DE /* Project object */;
			proxyType = 1;
			remoteGlobalIDString = 820F565E1C04309F00EBC7DE;
			remoteInfo = Zokoma;
		};
/* End PBXContainerItemProxy section */

/* Begin PBXFileReference section */
		01A58EDDAB0684D65EB24BD4 /* Pods-ZokomaTests.release.xcconfig */ = {isa = PBXFileReference; includeInIndex = 1; lastKnownFileType = text.xcconfig; name = "Pods-ZokomaTests.release.xcconfig"; path = "Pods/Target Support Files/Pods-ZokomaTests/Pods-ZokomaTests.release.xcconfig"; sourceTree = "<group>"; };
		0D0419C63AA3C9EDF71BC7CF /* Pods-ZokomaUITests.release.xcconfig */ = {isa = PBXFileReference; includeInIndex = 1; lastKnownFileType = text.xcconfig; name = "Pods-ZokomaUITests.release.xcconfig"; path = "Pods/Target Support Files/Pods-ZokomaUITests/Pods-ZokomaUITests.release.xcconfig"; sourceTree = "<group>"; };
		33D75D8E38BA06EE7BBDA2A9 /* Pods-ZokomaTests.debug.xcconfig */ = {isa = PBXFileReference; includeInIndex = 1; lastKnownFileType = text.xcconfig; name = "Pods-ZokomaTests.debug.xcconfig"; path = "Pods/Target Support Files/Pods-ZokomaTests/Pods-ZokomaTests.debug.xcconfig"; sourceTree = "<group>"; };
		3E814555D30E11A0E777BAFC /* Pods-Zokoma.debug.xcconfig */ = {isa = PBXFileReference; includeInIndex = 1; lastKnownFileType = text.xcconfig; name = "Pods-Zokoma.debug.xcconfig"; path = "Pods/Target Support Files/Pods-Zokoma/Pods-Zokoma.debug.xcconfig"; sourceTree = "<group>"; };
		52AE02462FCCC8284CD3A143 /* libPods-Zokoma.a */ = {isa = PBXFileReference; explicitFileType = archive.ar; includeInIndex = 0; path = "libPods-Zokoma.a"; sourceTree = BUILT_PRODUCTS_DIR; };
		627604D9468A5BF0D5F5071B /* Pods-Zokoma.release.xcconfig */ = {isa = PBXFileReference; includeInIndex = 1; lastKnownFileType = text.xcconfig; name = "Pods-Zokoma.release.xcconfig"; path = "Pods/Target Support Files/Pods-Zokoma/Pods-Zokoma.release.xcconfig"; sourceTree = "<group>"; };
		8204ABC81D44A94C00B31E14 /* container */ = {isa = PBXFileReference; lastKnownFileType = folder; path = container; sourceTree = "<group>"; };
		820F565F1C04309F00EBC7DE /* Zokoma.app */ = {isa = PBXFileReference; explicitFileType = wrapper.application; includeInIndex = 0; path = Zokoma.app; sourceTree = BUILT_PRODUCTS_DIR; };
		820F56621C04309F00EBC7DE /* AppDelegate.swift */ = {isa = PBXFileReference; lastKnownFileType = sourcecode.swift; path = AppDelegate.swift; sourceTree = "<group>"; };
		820F56671C04309F00EBC7DE /* Base */ = {isa = PBXFileReference; lastKnownFileType = file.storyboard; name = Base; path = Base.lproj/Main.storyboard; sourceTree = "<group>"; };
		820F56691C04309F00EBC7DE /* Assets.xcassets */ = {isa = PBXFileReference; lastKnownFileType = folder.assetcatalog; path = Assets.xcassets; sourceTree = "<group>"; };
		820F566C1C04309F00EBC7DE /* Base */ = {isa = PBXFileReference; lastKnownFileType = file.storyboard; name = Base; path = Base.lproj/LaunchScreen.storyboard; sourceTree = "<group>"; };
		820F566E1C04309F00EBC7DE /* Info.plist */ = {isa = PBXFileReference; lastKnownFileType = text.plist.xml; path = Info.plist; sourceTree = "<group>"; };
		820F56731C04309F00EBC7DE /* ZokomaTests.xctest */ = {isa = PBXFileReference; explicitFileType = wrapper.cfbundle; includeInIndex = 0; path = ZokomaTests.xctest; sourceTree = BUILT_PRODUCTS_DIR; };
		820F56771C04309F00EBC7DE /* ZokomaTests.swift */ = {isa = PBXFileReference; lastKnownFileType = sourcecode.swift; path = ZokomaTests.swift; sourceTree = "<group>"; };
		820F56791C04309F00EBC7DE /* Info.plist */ = {isa = PBXFileReference; lastKnownFileType = text.plist.xml; path = Info.plist; sourceTree = "<group>"; };
		820F567E1C04309F00EBC7DE /* ZokomaUITests.xctest */ = {isa = PBXFileReference; explicitFileType = wrapper.cfbundle; includeInIndex = 0; path = ZokomaUITests.xctest; sourceTree = BUILT_PRODUCTS_DIR; };
		820F56821C04309F00EBC7DE /* ZokomaUITests.swift */ = {isa = PBXFileReference; lastKnownFileType = sourcecode.swift; path = ZokomaUITests.swift; sourceTree = "<group>"; };
		820F56841C04309F00EBC7DE /* Info.plist */ = {isa = PBXFileReference; lastKnownFileType = text.plist.xml; path = Info.plist; sourceTree = "<group>"; };
		820F56901C04484700EBC7DE /* RestaurantTableViewController.swift */ = {isa = PBXFileReference; fileEncoding = 4; lastKnownFileType = sourcecode.swift; path = RestaurantTableViewController.swift; sourceTree = "<group>"; };
		820F56921C04575B00EBC7DE /* CustomTableViewCell.swift */ = {isa = PBXFileReference; fileEncoding = 4; lastKnownFileType = sourcecode.swift; path = CustomTableViewCell.swift; sourceTree = "<group>"; };
		821331E71C291DF000DEB816 /* PageContentViewController.swift */ = {isa = PBXFileReference; fileEncoding = 4; lastKnownFileType = sourcecode.swift; path = PageContentViewController.swift; sourceTree = "<group>"; };
		821331E91C29215900DEB816 /* PageViewController.swift */ = {isa = PBXFileReference; fileEncoding = 4; lastKnownFileType = sourcecode.swift; path = PageViewController.swift; sourceTree = "<group>"; };
		8213320C1C296CDA00DEB816 /* Zokoma-Bridging-Header.h */ = {isa = PBXFileReference; lastKnownFileType = sourcecode.c.h; path = "Zokoma-Bridging-Header.h"; sourceTree = "<group>"; };
		821B97AB1C0CA16700533591 /* ReviewViewController.swift */ = {isa = PBXFileReference; fileEncoding = 4; lastKnownFileType = sourcecode.swift; path = ReviewViewController.swift; sourceTree = "<group>"; };
		824C59291C06CBAC00506CC3 /* DetailViewController.swift */ = {isa = PBXFileReference; fileEncoding = 4; lastKnownFileType = sourcecode.swift; path = DetailViewController.swift; sourceTree = "<group>"; };
		824C592B1C06F36E00506CC3 /* Restaurant.swift */ = {isa = PBXFileReference; fileEncoding = 4; lastKnownFileType = sourcecode.swift; path = Restaurant.swift; sourceTree = "<group>"; };
		824C59311C07653700506CC3 /* DetailTableViewCell.swift */ = {isa = PBXFileReference; fileEncoding = 4; lastKnownFileType = sourcecode.swift; path = DetailTableViewCell.swift; sourceTree = "<group>"; };
		82520FF61C0F15D00022B38F /* MapViewController.swift */ = {isa = PBXFileReference; fileEncoding = 4; lastKnownFileType = sourcecode.swift; path = MapViewController.swift; sourceTree = "<group>"; };
		825352151D3FD074005F4EB6 /* GoogleService-Info.plist */ = {isa = PBXFileReference; fileEncoding = 4; lastKnownFileType = text.plist.xml; path = "GoogleService-Info.plist"; sourceTree = "<group>"; };
		8257EE951C1AC649002E27A1 /* FeedMapViewController.swift */ = {isa = PBXFileReference; fileEncoding = 4; lastKnownFileType = sourcecode.swift; path = FeedMapViewController.swift; sourceTree = "<group>"; };
		826FE0C21C1158E6005C8370 /* Zokoma.xcdatamodel */ = {isa = PBXFileReference; lastKnownFileType = wrapper.xcdatamodel; path = Zokoma.xcdatamodel; sourceTree = "<group>"; };
		8274EA511C1FFC47007FF7BE /* README.md */ = {isa = PBXFileReference; fileEncoding = 4; lastKnownFileType = net.daringfireball.markdown; path = README.md; sourceTree = "<group>"; };
		82841B111C193F17004BA230 /* Zokoma.entitlements */ = {isa = PBXFileReference; lastKnownFileType = text.xml; path = Zokoma.entitlements; sourceTree = "<group>"; };
		82841B121C194FF6004BA230 /* CloudKit.framework */ = {isa = PBXFileReference; lastKnownFileType = wrapper.framework; name = CloudKit.framework; path = System/Library/Frameworks/CloudKit.framework; sourceTree = SDKROOT; };
		82841B141C195A66004BA230 /* FeedTableViewController.swift */ = {isa = PBXFileReference; fileEncoding = 4; lastKnownFileType = sourcecode.swift; path = FeedTableViewController.swift; sourceTree = "<group>"; };
		82841B161C19873B004BA230 /* FeedDetailViewController.swift */ = {isa = PBXFileReference; fileEncoding = 4; lastKnownFileType = sourcecode.swift; path = FeedDetailViewController.swift; sourceTree = "<group>"; };
		82B883991C170D32004CE95A /* AboutViewController.swift */ = {isa = PBXFileReference; fileEncoding = 4; lastKnownFileType = sourcecode.swift; path = AboutViewController.swift; sourceTree = "<group>"; };
		82B8839B1C170EC3004CE95A /* WebViewController.swift */ = {isa = PBXFileReference; fileEncoding = 4; lastKnownFileType = sourcecode.swift; path = WebViewController.swift; sourceTree = "<group>"; };
		82DEF3031C10433C00CBBC65 /* AddTableViewController.swift */ = {isa = PBXFileReference; fileEncoding = 4; lastKnownFileType = sourcecode.swift; path = AddTableViewController.swift; sourceTree = "<group>"; };
		82F0B6111C0DAC2A007B8134 /* ShareViewController.swift */ = {isa = PBXFileReference; fileEncoding = 4; lastKnownFileType = sourcecode.swift; path = ShareViewController.swift; sourceTree = "<group>"; };
		82F0B6131C0DF7A3007B8134 /* MapKit.framework */ = {isa = PBXFileReference; lastKnownFileType = wrapper.framework; name = MapKit.framework; path = System/Library/Frameworks/MapKit.framework; sourceTree = SDKROOT; };
		A30FAA5E45797997B7EF5477 /* libPods-ZokomaTests.a */ = {isa = PBXFileReference; explicitFileType = archive.ar; includeInIndex = 0; path = "libPods-ZokomaTests.a"; sourceTree = BUILT_PRODUCTS_DIR; };
		CB7C4D433BDDBCE00A1FEF6C /* Pods-ZokomaUITests.debug.xcconfig */ = {isa = PBXFileReference; includeInIndex = 1; lastKnownFileType = text.xcconfig; name = "Pods-ZokomaUITests.debug.xcconfig"; path = "Pods/Target Support Files/Pods-ZokomaUITests/Pods-ZokomaUITests.debug.xcconfig"; sourceTree = "<group>"; };
		ED80D68E289712544393C636 /* libPods-ZokomaUITests.a */ = {isa = PBXFileReference; explicitFileType = archive.ar; includeInIndex = 0; path = "libPods-ZokomaUITests.a"; sourceTree = BUILT_PRODUCTS_DIR; };
/* End PBXFileReference section */

/* Begin PBXFrameworksBuildPhase section */
		820F565C1C04309F00EBC7DE /* Frameworks */ = {
			isa = PBXFrameworksBuildPhase;
			buildActionMask = 2147483647;
			files = (
				82F0B6141C0DF7A3007B8134 /* MapKit.framework in Frameworks */,
				82841B131C194FF6004BA230 /* CloudKit.framework in Frameworks */,
				EF1A334B3A9066793DA7EA58 /* libPods-Zokoma.a in Frameworks */,
			);
			runOnlyForDeploymentPostprocessing = 0;
		};
		820F56701C04309F00EBC7DE /* Frameworks */ = {
			isa = PBXFrameworksBuildPhase;
			buildActionMask = 2147483647;
			files = (
				E8E82AEA130A5A185FFC46F2 /* libPods-ZokomaTests.a in Frameworks */,
			);
			runOnlyForDeploymentPostprocessing = 0;
		};
		820F567B1C04309F00EBC7DE /* Frameworks */ = {
			isa = PBXFrameworksBuildPhase;
			buildActionMask = 2147483647;
			files = (
				44550B83597BAFB660CCA8FA /* libPods-ZokomaUITests.a in Frameworks */,
			);
			runOnlyForDeploymentPostprocessing = 0;
		};
/* End PBXFrameworksBuildPhase section */

/* Begin PBXGroup section */
		820F56561C04309F00EBC7DE = {
			isa = PBXGroup;
			children = (
				8204ABC81D44A94C00B31E14 /* container */,
				8274EA511C1FFC47007FF7BE /* README.md */,
				82841B121C194FF6004BA230 /* CloudKit.framework */,
				82F0B6131C0DF7A3007B8134 /* MapKit.framework */,
				820F56611C04309F00EBC7DE /* Zokoma */,
				820F56761C04309F00EBC7DE /* ZokomaTests */,
				820F56811C04309F00EBC7DE /* ZokomaUITests */,
				820F56601C04309F00EBC7DE /* Products */,
				9ECBA27A99790AF571CA24BE /* Pods */,
				B8B44BCCE896427764AEA8D7 /* Frameworks */,
			);
			sourceTree = "<group>";
		};
		820F56601C04309F00EBC7DE /* Products */ = {
			isa = PBXGroup;
			children = (
				820F565F1C04309F00EBC7DE /* Zokoma.app */,
				820F56731C04309F00EBC7DE /* ZokomaTests.xctest */,
				820F567E1C04309F00EBC7DE /* ZokomaUITests.xctest */,
			);
			name = Products;
			sourceTree = "<group>";
		};
		820F56611C04309F00EBC7DE /* Zokoma */ = {
			isa = PBXGroup;
			children = (
				825352151D3FD074005F4EB6 /* GoogleService-Info.plist */,
				82841B111C193F17004BA230 /* Zokoma.entitlements */,
				820F56621C04309F00EBC7DE /* AppDelegate.swift */,
				820F56661C04309F00EBC7DE /* Main.storyboard */,
				820F56691C04309F00EBC7DE /* Assets.xcassets */,
				820F566B1C04309F00EBC7DE /* LaunchScreen.storyboard */,
				820F566E1C04309F00EBC7DE /* Info.plist */,
				820F56901C04484700EBC7DE /* RestaurantTableViewController.swift */,
				820F56921C04575B00EBC7DE /* CustomTableViewCell.swift */,
				824C59291C06CBAC00506CC3 /* DetailViewController.swift */,
				824C592B1C06F36E00506CC3 /* Restaurant.swift */,
				824C59311C07653700506CC3 /* DetailTableViewCell.swift */,
				821B97AB1C0CA16700533591 /* ReviewViewController.swift */,
				82F0B6111C0DAC2A007B8134 /* ShareViewController.swift */,
				82520FF61C0F15D00022B38F /* MapViewController.swift */,
				82DEF3031C10433C00CBBC65 /* AddTableViewController.swift */,
				826FE0C11C1158E6005C8370 /* Zokoma.xcdatamodeld */,
				82B883991C170D32004CE95A /* AboutViewController.swift */,
				82B8839B1C170EC3004CE95A /* WebViewController.swift */,
				82841B141C195A66004BA230 /* FeedTableViewController.swift */,
				82841B161C19873B004BA230 /* FeedDetailViewController.swift */,
				8257EE951C1AC649002E27A1 /* FeedMapViewController.swift */,
				821331E71C291DF000DEB816 /* PageContentViewController.swift */,
				821331E91C29215900DEB816 /* PageViewController.swift */,
				8213320C1C296CDA00DEB816 /* Zokoma-Bridging-Header.h */,
			);
			path = Zokoma;
			sourceTree = "<group>";
		};
		820F56761C04309F00EBC7DE /* ZokomaTests */ = {
			isa = PBXGroup;
			children = (
				820F56771C04309F00EBC7DE /* ZokomaTests.swift */,
				820F56791C04309F00EBC7DE /* Info.plist */,
			);
			path = ZokomaTests;
			sourceTree = "<group>";
		};
		820F56811C04309F00EBC7DE /* ZokomaUITests */ = {
			isa = PBXGroup;
			children = (
				820F56821C04309F00EBC7DE /* ZokomaUITests.swift */,
				820F56841C04309F00EBC7DE /* Info.plist */,
			);
			path = ZokomaUITests;
			sourceTree = "<group>";
		};
		9ECBA27A99790AF571CA24BE /* Pods */ = {
			isa = PBXGroup;
			children = (
				3E814555D30E11A0E777BAFC /* Pods-Zokoma.debug.xcconfig */,
				627604D9468A5BF0D5F5071B /* Pods-Zokoma.release.xcconfig */,
				33D75D8E38BA06EE7BBDA2A9 /* Pods-ZokomaTests.debug.xcconfig */,
				01A58EDDAB0684D65EB24BD4 /* Pods-ZokomaTests.release.xcconfig */,
				CB7C4D433BDDBCE00A1FEF6C /* Pods-ZokomaUITests.debug.xcconfig */,
				0D0419C63AA3C9EDF71BC7CF /* Pods-ZokomaUITests.release.xcconfig */,
			);
			name = Pods;
			sourceTree = "<group>";
		};
		B8B44BCCE896427764AEA8D7 /* Frameworks */ = {
			isa = PBXGroup;
			children = (
				52AE02462FCCC8284CD3A143 /* libPods-Zokoma.a */,
				A30FAA5E45797997B7EF5477 /* libPods-ZokomaTests.a */,
				ED80D68E289712544393C636 /* libPods-ZokomaUITests.a */,
			);
			name = Frameworks;
			sourceTree = "<group>";
		};
/* End PBXGroup section */

/* Begin PBXNativeTarget section */
		820F565E1C04309F00EBC7DE /* Zokoma */ = {
			isa = PBXNativeTarget;
			buildConfigurationList = 820F56871C04309F00EBC7DE /* Build configuration list for PBXNativeTarget "Zokoma" */;
			buildPhases = (
				67E97FEFC7290EA3BECD25A4 /* [CP] Check Pods Manifest.lock */,
				820F565B1C04309F00EBC7DE /* Sources */,
				820F565C1C04309F00EBC7DE /* Frameworks */,
				820F565D1C04309F00EBC7DE /* Resources */,
				BF93DFABAF5883637723631D /* [CP] Embed Pods Frameworks */,
				6E615865DD6723982B01276A /* [CP] Copy Pods Resources */,
			);
			buildRules = (
			);
			dependencies = (
			);
			name = Zokoma;
			productName = Zokoma;
			productReference = 820F565F1C04309F00EBC7DE /* Zokoma.app */;
			productType = "com.apple.product-type.application";
		};
		820F56721C04309F00EBC7DE /* ZokomaTests */ = {
			isa = PBXNativeTarget;
			buildConfigurationList = 820F568A1C04309F00EBC7DE /* Build configuration list for PBXNativeTarget "ZokomaTests" */;
			buildPhases = (
				5C6036A10D653E2FDF75DFC7 /* [CP] Check Pods Manifest.lock */,
				820F566F1C04309F00EBC7DE /* Sources */,
				820F56701C04309F00EBC7DE /* Frameworks */,
				820F56711C04309F00EBC7DE /* Resources */,
				F9300ACFA6BC4BBDE9A5AD8D /* [CP] Embed Pods Frameworks */,
				32D73A99C555CCD7B3CB29AB /* [CP] Copy Pods Resources */,
			);
			buildRules = (
			);
			dependencies = (
				820F56751C04309F00EBC7DE /* PBXTargetDependency */,
			);
			name = ZokomaTests;
			productName = ZokomaTests;
			productReference = 820F56731C04309F00EBC7DE /* ZokomaTests.xctest */;
			productType = "com.apple.product-type.bundle.unit-test";
		};
		820F567D1C04309F00EBC7DE /* ZokomaUITests */ = {
			isa = PBXNativeTarget;
			buildConfigurationList = 820F568D1C04309F00EBC7DE /* Build configuration list for PBXNativeTarget "ZokomaUITests" */;
			buildPhases = (
				D9B0731A0724EDCEBB8B6E43 /* [CP] Check Pods Manifest.lock */,
				820F567A1C04309F00EBC7DE /* Sources */,
				820F567B1C04309F00EBC7DE /* Frameworks */,
				820F567C1C04309F00EBC7DE /* Resources */,
				EC043E0224C087A82D7772C8 /* [CP] Copy Pods Resources */,
			);
			buildRules = (
			);
			dependencies = (
				820F56801C04309F00EBC7DE /* PBXTargetDependency */,
			);
			name = ZokomaUITests;
			productName = ZokomaUITests;
			productReference = 820F567E1C04309F00EBC7DE /* ZokomaUITests.xctest */;
			productType = "com.apple.product-type.bundle.ui-testing";
		};
/* End PBXNativeTarget section */

/* Begin PBXProject section */
		820F56571C04309F00EBC7DE /* Project object */ = {
			isa = PBXProject;
			attributes = {
				LastSwiftUpdateCheck = 0720;
				LastUpgradeCheck = 0730;
				ORGANIZATIONNAME = jiro9611;
				TargetAttributes = {
					820F565E1C04309F00EBC7DE = {
						CreatedOnToolsVersion = 7.1.1;
						DevelopmentTeam = 2DVC4H58RZ;
						SystemCapabilities = {
							com.apple.Maps.iOS = {
								enabled = 1;
							};
							com.apple.iCloud = {
								enabled = 1;
							};
						};
					};
					820F56721C04309F00EBC7DE = {
						CreatedOnToolsVersion = 7.1.1;
						DevelopmentTeam = TC7WN99QX5;
						TestTargetID = 820F565E1C04309F00EBC7DE;
					};
					820F567D1C04309F00EBC7DE = {
						CreatedOnToolsVersion = 7.1.1;
						DevelopmentTeam = TC7WN99QX5;
						TestTargetID = 820F565E1C04309F00EBC7DE;
					};
				};
			};
			buildConfigurationList = 820F565A1C04309F00EBC7DE /* Build configuration list for PBXProject "Zokoma" */;
			compatibilityVersion = "Xcode 3.2";
			developmentRegion = English;
			hasScannedForEncodings = 0;
			knownRegions = (
				en,
				Base,
			);
			mainGroup = 820F56561C04309F00EBC7DE;
			productRefGroup = 820F56601C04309F00EBC7DE /* Products */;
			projectDirPath = "";
			projectRoot = "";
			targets = (
				820F565E1C04309F00EBC7DE /* Zokoma */,
				820F56721C04309F00EBC7DE /* ZokomaTests */,
				820F567D1C04309F00EBC7DE /* ZokomaUITests */,
			);
		};
/* End PBXProject section */

/* Begin PBXResourcesBuildPhase section */
		820F565D1C04309F00EBC7DE /* Resources */ = {
			isa = PBXResourcesBuildPhase;
			buildActionMask = 2147483647;
			files = (
				820F566D1C04309F00EBC7DE /* LaunchScreen.storyboard in Resources */,
				825352161D3FD074005F4EB6 /* GoogleService-Info.plist in Resources */,
				8204ABC91D44A94C00B31E14 /* container in Resources */,
				820F566A1C04309F00EBC7DE /* Assets.xcassets in Resources */,
				820F56681C04309F00EBC7DE /* Main.storyboard in Resources */,
			);
			runOnlyForDeploymentPostprocessing = 0;
		};
		820F56711C04309F00EBC7DE /* Resources */ = {
			isa = PBXResourcesBuildPhase;
			buildActionMask = 2147483647;
			files = (
			);
			runOnlyForDeploymentPostprocessing = 0;
		};
		820F567C1C04309F00EBC7DE /* Resources */ = {
			isa = PBXResourcesBuildPhase;
			buildActionMask = 2147483647;
			files = (
			);
			runOnlyForDeploymentPostprocessing = 0;
		};
/* End PBXResourcesBuildPhase section */

/* Begin PBXShellScriptBuildPhase section */
		32D73A99C555CCD7B3CB29AB /* [CP] Copy Pods Resources */ = {
			isa = PBXShellScriptBuildPhase;
			buildActionMask = 2147483647;
			files = (
			);
			inputPaths = (
			);
			name = "[CP] Copy Pods Resources";
			outputPaths = (
			);
			runOnlyForDeploymentPostprocessing = 0;
			shellPath = /bin/sh;
			shellScript = "\"${SRCROOT}/Pods/Target Support Files/Pods-ZokomaTests/Pods-ZokomaTests-resources.sh\"\n";
			showEnvVarsInLog = 0;
		};
		5C6036A10D653E2FDF75DFC7 /* [CP] Check Pods Manifest.lock */ = {
			isa = PBXShellScriptBuildPhase;
			buildActionMask = 2147483647;
			files = (
			);
			inputPaths = (
			);
			name = "[CP] Check Pods Manifest.lock";
			outputPaths = (
			);
			runOnlyForDeploymentPostprocessing = 0;
			shellPath = /bin/sh;
			shellScript = "diff \"${PODS_ROOT}/../Podfile.lock\" \"${PODS_ROOT}/Manifest.lock\" > /dev/null\nif [[ $? != 0 ]] ; then\n    cat << EOM\nerror: The sandbox is not in sync with the Podfile.lock. Run 'pod install' or update your CocoaPods installation.\nEOM\n    exit 1\nfi\n";
			showEnvVarsInLog = 0;
		};
		67E97FEFC7290EA3BECD25A4 /* [CP] Check Pods Manifest.lock */ = {
			isa = PBXShellScriptBuildPhase;
			buildActionMask = 2147483647;
			files = (
			);
			inputPaths = (
			);
			name = "[CP] Check Pods Manifest.lock";
			outputPaths = (
			);
			runOnlyForDeploymentPostprocessing = 0;
			shellPath = /bin/sh;
			shellScript = "diff \"${PODS_ROOT}/../Podfile.lock\" \"${PODS_ROOT}/Manifest.lock\" > /dev/null\nif [[ $? != 0 ]] ; then\n    cat << EOM\nerror: The sandbox is not in sync with the Podfile.lock. Run 'pod install' or update your CocoaPods installation.\nEOM\n    exit 1\nfi\n";
			showEnvVarsInLog = 0;
		};
		6E615865DD6723982B01276A /* [CP] Copy Pods Resources */ = {
			isa = PBXShellScriptBuildPhase;
			buildActionMask = 2147483647;
			files = (
			);
			inputPaths = (
			);
			name = "[CP] Copy Pods Resources";
			outputPaths = (
			);
			runOnlyForDeploymentPostprocessing = 0;
			shellPath = /bin/sh;
			shellScript = "\"${SRCROOT}/Pods/Target Support Files/Pods-Zokoma/Pods-Zokoma-resources.sh\"\n";
			showEnvVarsInLog = 0;
		};
		BF93DFABAF5883637723631D /* [CP] Embed Pods Frameworks */ = {
			isa = PBXShellScriptBuildPhase;
			buildActionMask = 2147483647;
			files = (
			);
			inputPaths = (
			);
			name = "[CP] Embed Pods Frameworks";
			outputPaths = (
			);
			runOnlyForDeploymentPostprocessing = 0;
			shellPath = /bin/sh;
			shellScript = "\"${SRCROOT}/Pods/Target Support Files/Pods-Zokoma/Pods-Zokoma-frameworks.sh\"\n";
			showEnvVarsInLog = 0;
		};
		D9B0731A0724EDCEBB8B6E43 /* [CP] Check Pods Manifest.lock */ = {
			isa = PBXShellScriptBuildPhase;
			buildActionMask = 2147483647;
			files = (
			);
			inputPaths = (
			);
			name = "[CP] Check Pods Manifest.lock";
			outputPaths = (
			);
			runOnlyForDeploymentPostprocessing = 0;
			shellPath = /bin/sh;
			shellScript = "diff \"${PODS_ROOT}/../Podfile.lock\" \"${PODS_ROOT}/Manifest.lock\" > /dev/null\nif [[ $? != 0 ]] ; then\n    cat << EOM\nerror: The sandbox is not in sync with the Podfile.lock. Run 'pod install' or update your CocoaPods installation.\nEOM\n    exit 1\nfi\n";
			showEnvVarsInLog = 0;
		};
		EC043E0224C087A82D7772C8 /* [CP] Copy Pods Resources */ = {
			isa = PBXShellScriptBuildPhase;
			buildActionMask = 2147483647;
			files = (
			);
			inputPaths = (
			);
			name = "[CP] Copy Pods Resources";
			outputPaths = (
			);
			runOnlyForDeploymentPostprocessing = 0;
			shellPath = /bin/sh;
			shellScript = "\"${SRCROOT}/Pods/Target Support Files/Pods-ZokomaUITests/Pods-ZokomaUITests-resources.sh\"\n";
			showEnvVarsInLog = 0;
		};
		F9300ACFA6BC4BBDE9A5AD8D /* [CP] Embed Pods Frameworks */ = {
			isa = PBXShellScriptBuildPhase;
			buildActionMask = 2147483647;
			files = (
			);
			inputPaths = (
			);
			name = "[CP] Embed Pods Frameworks";
			outputPaths = (
			);
			runOnlyForDeploymentPostprocessing = 0;
			shellPath = /bin/sh;
			shellScript = "\"${SRCROOT}/Pods/Target Support Files/Pods-ZokomaTests/Pods-ZokomaTests-frameworks.sh\"\n";
			showEnvVarsInLog = 0;
		};
/* End PBXShellScriptBuildPhase section */

/* Begin PBXSourcesBuildPhase section */
		820F565B1C04309F00EBC7DE /* Sources */ = {
			isa = PBXSourcesBuildPhase;
			buildActionMask = 2147483647;
			files = (
				824C59321C07653700506CC3 /* DetailTableViewCell.swift in Sources */,
				824C592C1C06F36E00506CC3 /* Restaurant.swift in Sources */,
				821B97AC1C0CA16700533591 /* ReviewViewController.swift in Sources */,
				82841B151C195A66004BA230 /* FeedTableViewController.swift in Sources */,
				821331E81C291DF000DEB816 /* PageContentViewController.swift in Sources */,
				82841B171C19873B004BA230 /* FeedDetailViewController.swift in Sources */,
				820F56931C04575B00EBC7DE /* CustomTableViewCell.swift in Sources */,
				82520FF71C0F15D00022B38F /* MapViewController.swift in Sources */,
				8257EE961C1AC649002E27A1 /* FeedMapViewController.swift in Sources */,
				820F56911C04484700EBC7DE /* RestaurantTableViewController.swift in Sources */,
				82B8839A1C170D32004CE95A /* AboutViewController.swift in Sources */,
				820F56631C04309F00EBC7DE /* AppDelegate.swift in Sources */,
				82F0B6121C0DAC2A007B8134 /* ShareViewController.swift in Sources */,
				824C592A1C06CBAC00506CC3 /* DetailViewController.swift in Sources */,
				826FE0C31C1158E6005C8370 /* Zokoma.xcdatamodeld in Sources */,
				821331EA1C29215900DEB816 /* PageViewController.swift in Sources */,
				82B8839C1C170EC3004CE95A /* WebViewController.swift in Sources */,
				82DEF3041C10433C00CBBC65 /* AddTableViewController.swift in Sources */,
			);
			runOnlyForDeploymentPostprocessing = 0;
		};
		820F566F1C04309F00EBC7DE /* Sources */ = {
			isa = PBXSourcesBuildPhase;
			buildActionMask = 2147483647;
			files = (
				820F56781C04309F00EBC7DE /* ZokomaTests.swift in Sources */,
			);
			runOnlyForDeploymentPostprocessing = 0;
		};
		820F567A1C04309F00EBC7DE /* Sources */ = {
			isa = PBXSourcesBuildPhase;
			buildActionMask = 2147483647;
			files = (
				820F56831C04309F00EBC7DE /* ZokomaUITests.swift in Sources */,
			);
			runOnlyForDeploymentPostprocessing = 0;
		};
/* End PBXSourcesBuildPhase section */

/* Begin PBXTargetDependency section */
		820F56751C04309F00EBC7DE /* PBXTargetDependency */ = {
			isa = PBXTargetDependency;
			target = 820F565E1C04309F00EBC7DE /* Zokoma */;
			targetProxy = 820F56741C04309F00EBC7DE /* PBXContainerItemProxy */;
		};
		820F56801C04309F00EBC7DE /* PBXTargetDependency */ = {
			isa = PBXTargetDependency;
			target = 820F565E1C04309F00EBC7DE /* Zokoma */;
			targetProxy = 820F567F1C04309F00EBC7DE /* PBXContainerItemProxy */;
		};
/* End PBXTargetDependency section */

/* Begin PBXVariantGroup section */
		820F56661C04309F00EBC7DE /* Main.storyboard */ = {
			isa = PBXVariantGroup;
			children = (
				820F56671C04309F00EBC7DE /* Base */,
			);
			name = Main.storyboard;
			sourceTree = "<group>";
		};
		820F566B1C04309F00EBC7DE /* LaunchScreen.storyboard */ = {
			isa = PBXVariantGroup;
			children = (
				820F566C1C04309F00EBC7DE /* Base */,
			);
			name = LaunchScreen.storyboard;
			sourceTree = "<group>";
		};
/* End PBXVariantGroup section */

/* Begin XCBuildConfiguration section */
		820F56851C04309F00EBC7DE /* Debug */ = {
			isa = XCBuildConfiguration;
			buildSettings = {
				ALWAYS_SEARCH_USER_PATHS = NO;
				CLANG_CXX_LANGUAGE_STANDARD = "gnu++0x";
				CLANG_CXX_LIBRARY = "libc++";
				CLANG_ENABLE_MODULES = YES;
				CLANG_ENABLE_OBJC_ARC = YES;
				CLANG_WARN_BOOL_CONVERSION = YES;
				CLANG_WARN_CONSTANT_CONVERSION = YES;
				CLANG_WARN_DIRECT_OBJC_ISA_USAGE = YES_ERROR;
				CLANG_WARN_EMPTY_BODY = YES;
				CLANG_WARN_ENUM_CONVERSION = YES;
				CLANG_WARN_INT_CONVERSION = YES;
				CLANG_WARN_OBJC_ROOT_CLASS = YES_ERROR;
				CLANG_WARN_UNREACHABLE_CODE = YES;
				CLANG_WARN__DUPLICATE_METHOD_MATCH = YES;
				"CODE_SIGN_IDENTITY[sdk=iphoneos*]" = "iPhone Developer";
				COPY_PHASE_STRIP = NO;
				DEBUG_INFORMATION_FORMAT = dwarf;
				ENABLE_STRICT_OBJC_MSGSEND = YES;
				ENABLE_TESTABILITY = YES;
				GCC_C_LANGUAGE_STANDARD = gnu99;
				GCC_DYNAMIC_NO_PIC = NO;
				GCC_NO_COMMON_BLOCKS = YES;
				GCC_OPTIMIZATION_LEVEL = 0;
				GCC_PREPROCESSOR_DEFINITIONS = (
					"DEBUG=1",
					"$(inherited)",
				);
				GCC_WARN_64_TO_32_BIT_CONVERSION = YES;
				GCC_WARN_ABOUT_RETURN_TYPE = YES_ERROR;
				GCC_WARN_UNDECLARED_SELECTOR = YES;
				GCC_WARN_UNINITIALIZED_AUTOS = YES_AGGRESSIVE;
				GCC_WARN_UNUSED_FUNCTION = YES;
				GCC_WARN_UNUSED_VARIABLE = YES;
				IPHONEOS_DEPLOYMENT_TARGET = 9.3;
				MTL_ENABLE_DEBUG_INFO = YES;
				ONLY_ACTIVE_ARCH = YES;
				SDKROOT = iphoneos;
				SWIFT_OPTIMIZATION_LEVEL = "-Onone";
				VALID_ARCHS = armv7;
			};
			name = Debug;
		};
		820F56861C04309F00EBC7DE /* Release */ = {
			isa = XCBuildConfiguration;
			buildSettings = {
				ALWAYS_SEARCH_USER_PATHS = NO;
				CLANG_CXX_LANGUAGE_STANDARD = "gnu++0x";
				CLANG_CXX_LIBRARY = "libc++";
				CLANG_ENABLE_MODULES = YES;
				CLANG_ENABLE_OBJC_ARC = YES;
				CLANG_WARN_BOOL_CONVERSION = YES;
				CLANG_WARN_CONSTANT_CONVERSION = YES;
				CLANG_WARN_DIRECT_OBJC_ISA_USAGE = YES_ERROR;
				CLANG_WARN_EMPTY_BODY = YES;
				CLANG_WARN_ENUM_CONVERSION = YES;
				CLANG_WARN_INT_CONVERSION = YES;
				CLANG_WARN_OBJC_ROOT_CLASS = YES_ERROR;
				CLANG_WARN_UNREACHABLE_CODE = YES;
				CLANG_WARN__DUPLICATE_METHOD_MATCH = YES;
				"CODE_SIGN_IDENTITY[sdk=iphoneos*]" = "iPhone Developer";
				COPY_PHASE_STRIP = NO;
				DEBUG_INFORMATION_FORMAT = "dwarf-with-dsym";
				ENABLE_NS_ASSERTIONS = NO;
				ENABLE_STRICT_OBJC_MSGSEND = YES;
				GCC_C_LANGUAGE_STANDARD = gnu99;
				GCC_NO_COMMON_BLOCKS = YES;
				GCC_WARN_64_TO_32_BIT_CONVERSION = YES;
				GCC_WARN_ABOUT_RETURN_TYPE = YES_ERROR;
				GCC_WARN_UNDECLARED_SELECTOR = YES;
				GCC_WARN_UNINITIALIZED_AUTOS = YES_AGGRESSIVE;
				GCC_WARN_UNUSED_FUNCTION = YES;
				GCC_WARN_UNUSED_VARIABLE = YES;
				IPHONEOS_DEPLOYMENT_TARGET = 9.3;
				MTL_ENABLE_DEBUG_INFO = NO;
				SDKROOT = iphoneos;
				VALIDATE_PRODUCT = YES;
				VALID_ARCHS = armv7;
			};
			name = Release;
		};
		820F56881C04309F00EBC7DE /* Debug */ = {
			isa = XCBuildConfiguration;
			baseConfigurationReference = 3E814555D30E11A0E777BAFC /* Pods-Zokoma.debug.xcconfig */;
			buildSettings = {
				ASSETCATALOG_COMPILER_APPICON_NAME = AppIcon;
				CLANG_ENABLE_MODULES = YES;
				CODE_SIGN_ENTITLEMENTS = Zokoma/Zokoma.entitlements;
				CODE_SIGN_IDENTITY = "iPhone Developer";
				"CODE_SIGN_IDENTITY[sdk=iphoneos*]" = "iPhone Developer";
				ENABLE_BITCODE = NO;
				FRAMEWORK_SEARCH_PATHS = (
					"$(inherited)",
					"$(PROJECT_DIR)",
				);
				INFOPLIST_FILE = Zokoma/Info.plist;
				LD_RUNPATH_SEARCH_PATHS = "$(inherited) @executable_path/Frameworks";
				LIBRARY_SEARCH_PATHS = (
					"$(inherited)",
					"$(PROJECT_DIR)",
				);
				ONLY_ACTIVE_ARCH = NO;
				OTHER_LDFLAGS = (
					"-ObjC",
					"-l\"c++\"",
					"-l\"sqlite3\"",
					"-l\"z\"",
					"-framework",
					"\"AdSupport\"",
					"-framework",
					"\"AddressBook\"",
					"-framework",
					"\"CoreGraphics\"",
					"-framework",
					"\"FirebaseAnalytics\"",
					"-framework",
					"\"FirebaseInstanceID\"",
					"-framework",
					"\"GoogleInterchangeUtilities\"",
					"-framework",
					"\"GoogleSymbolUtilities\"",
					"-framework",
					"\"GoogleUtilities\"",
					"-framework",
					"\"SafariServices\"",
					"-framework",
					"\"StoreKit\"",
					"-framework",
					"\"SystemConfiguration\"",
					"$(inherited)",
				);
				PRODUCT_BUNDLE_IDENTIFIER = com.jiro9611.Zokoma.zokoma;
				PRODUCT_NAME = "$(TARGET_NAME)";
				PROVISIONING_PROFILE = "";
				SWIFT_OBJC_BRIDGING_HEADER = "Zokoma/Zokoma-Bridging-Header.h";
				SWIFT_OPTIMIZATION_LEVEL = "-Onone";
				VALID_ARCHS = armv7;
			};
			name = Debug;
		};
		820F56891C04309F00EBC7DE /* Release */ = {
			isa = XCBuildConfiguration;
			baseConfigurationReference = 627604D9468A5BF0D5F5071B /* Pods-Zokoma.release.xcconfig */;
			buildSettings = {
				ASSETCATALOG_COMPILER_APPICON_NAME = AppIcon;
				CLANG_ENABLE_MODULES = YES;
				CODE_SIGN_ENTITLEMENTS = Zokoma/Zokoma.entitlements;
				CODE_SIGN_IDENTITY = "iPhone Developer";
				"CODE_SIGN_IDENTITY[sdk=iphoneos*]" = "iPhone Developer";
				ENABLE_BITCODE = NO;
				FRAMEWORK_SEARCH_PATHS = (
					"$(inherited)",
					"$(PROJECT_DIR)",
				);
				INFOPLIST_FILE = Zokoma/Info.plist;
				LD_RUNPATH_SEARCH_PATHS = "$(inherited) @executable_path/Frameworks";
				LIBRARY_SEARCH_PATHS = "$(inherited)";
				ONLY_ACTIVE_ARCH = NO;
				OTHER_LDFLAGS = (
					"-ObjC",
					"-l\"c++\"",
					"-l\"sqlite3\"",
					"-l\"z\"",
					"-framework",
					"\"AdSupport\"",
					"-framework",
					"\"AddressBook\"",
					"-framework",
					"\"CoreGraphics\"",
					"-framework",
					"\"FirebaseAnalytics\"",
					"-framework",
					"\"FirebaseInstanceID\"",
					"-framework",
					"\"GoogleInterchangeUtilities\"",
					"-framework",
					"\"GoogleSymbolUtilities\"",
					"-framework",
					"\"GoogleUtilities\"",
					"-framework",
					"\"SafariServices\"",
					"-framework",
					"\"StoreKit\"",
					"-framework",
					"\"SystemConfiguration\"",
					"$(inherited)",
				);
				PRODUCT_BUNDLE_IDENTIFIER = com.jiro9611.Zokoma.zokoma;
				PRODUCT_NAME = "$(TARGET_NAME)";
				PROVISIONING_PROFILE = "";
				SWIFT_OBJC_BRIDGING_HEADER = "Zokoma/Zokoma-Bridging-Header.h";
				VALID_ARCHS = armv7;
			};
			name = Release;
		};
		820F568B1C04309F00EBC7DE /* Debug */ = {
			isa = XCBuildConfiguration;
			baseConfigurationReference = 33D75D8E38BA06EE7BBDA2A9 /* Pods-ZokomaTests.debug.xcconfig */;
			buildSettings = {
				BUNDLE_LOADER = "$(TEST_HOST)";
				FRAMEWORK_SEARCH_PATHS = (
					"$(PROJECT_DIR)",
					"$(inherited)",
				);
				INFOPLIST_FILE = ZokomaTests/Info.plist;
				LD_RUNPATH_SEARCH_PATHS = "$(inherited) @executable_path/Frameworks @loader_path/Frameworks";
				PRODUCT_BUNDLE_IDENTIFIER = com.jiro9611.ZokomaTests;
				PRODUCT_NAME = "$(TARGET_NAME)";
				TEST_HOST = "$(BUILT_PRODUCTS_DIR)/Zokoma.app/Zokoma";
			};
			name = Debug;
		};
		820F568C1C04309F00EBC7DE /* Release */ = {
			isa = XCBuildConfiguration;
			baseConfigurationReference = 01A58EDDAB0684D65EB24BD4 /* Pods-ZokomaTests.release.xcconfig */;
			buildSettings = {
				BUNDLE_LOADER = "$(TEST_HOST)";
				FRAMEWORK_SEARCH_PATHS = (
					"$(PROJECT_DIR)",
					"$(inherited)",
				);
				INFOPLIST_FILE = ZokomaTests/Info.plist;
				LD_RUNPATH_SEARCH_PATHS = "$(inherited) @executable_path/Frameworks @loader_path/Frameworks";
				PRODUCT_BUNDLE_IDENTIFIER = com.jiro9611.ZokomaTests;
				PRODUCT_NAME = "$(TARGET_NAME)";
				TEST_HOST = "$(BUILT_PRODUCTS_DIR)/Zokoma.app/Zokoma";
			};
			name = Release;
		};
		820F568E1C04309F00EBC7DE /* Debug */ = {
			isa = XCBuildConfiguration;
			baseConfigurationReference = CB7C4D433BDDBCE00A1FEF6C /* Pods-ZokomaUITests.debug.xcconfig */;
			buildSettings = {
				FRAMEWORK_SEARCH_PATHS = (
					"$(inherited)",
					"$(PROJECT_DIR)",
				);
				INFOPLIST_FILE = ZokomaUITests/Info.plist;
				LD_RUNPATH_SEARCH_PATHS = "$(inherited) @executable_path/Frameworks @loader_path/Frameworks";
				PRODUCT_BUNDLE_IDENTIFIER = com.jiro9611.ZokomaUITests;
				PRODUCT_NAME = "$(TARGET_NAME)";
				TEST_TARGET_NAME = Zokoma;
				USES_XCTRUNNER = YES;
			};
			name = Debug;
		};
		820F568F1C04309F00EBC7DE /* Release */ = {
			isa = XCBuildConfiguration;
			baseConfigurationReference = 0D0419C63AA3C9EDF71BC7CF /* Pods-ZokomaUITests.release.xcconfig */;
			buildSettings = {
				FRAMEWORK_SEARCH_PATHS = (
					"$(inherited)",
					"$(PROJECT_DIR)",
				);
				INFOPLIST_FILE = ZokomaUITests/Info.plist;
				LD_RUNPATH_SEARCH_PATHS = "$(inherited) @executable_path/Frameworks @loader_path/Frameworks";
				PRODUCT_BUNDLE_IDENTIFIER = com.jiro9611.ZokomaUITests;
				PRODUCT_NAME = "$(TARGET_NAME)";
				TEST_TARGET_NAME = Zokoma;
				USES_XCTRUNNER = YES;
			};
			name = Release;
		};
/* End XCBuildConfiguration section */

/* Begin XCConfigurationList section */
		820F565A1C04309F00EBC7DE /* Build configuration list for PBXProject "Zokoma" */ = {
			isa = XCConfigurationList;
			buildConfigurations = (
				820F56851C04309F00EBC7DE /* Debug */,
				820F56861C04309F00EBC7DE /* Release */,
			);
			defaultConfigurationIsVisible = 0;
			defaultConfigurationName = Release;
		};
		820F56871C04309F00EBC7DE /* Build configuration list for PBXNativeTarget "Zokoma" */ = {
			isa = XCConfigurationList;
			buildConfigurations = (
				820F56881C04309F00EBC7DE /* Debug */,
				820F56891C04309F00EBC7DE /* Release */,
			);
			defaultConfigurationIsVisible = 0;
			defaultConfigurationName = Release;
		};
		820F568A1C04309F00EBC7DE /* Build configuration list for PBXNativeTarget "ZokomaTests" */ = {
			isa = XCConfigurationList;
			buildConfigurations = (
				820F568B1C04309F00EBC7DE /* Debug */,
				820F568C1C04309F00EBC7DE /* Release */,
			);
			defaultConfigurationIsVisible = 0;
			defaultConfigurationName = Release;
		};
		820F568D1C04309F00EBC7DE /* Build configuration list for PBXNativeTarget "ZokomaUITests" */ = {
			isa = XCConfigurationList;
			buildConfigurations = (
				820F568E1C04309F00EBC7DE /* Debug */,
				820F568F1C04309F00EBC7DE /* Release */,
			);
			defaultConfigurationIsVisible = 0;
			defaultConfigurationName = Release;
		};
/* End XCConfigurationList section */

/* Begin XCVersionGroup section */
		826FE0C11C1158E6005C8370 /* Zokoma.xcdatamodeld */ = {
			isa = XCVersionGroup;
			children = (
				826FE0C21C1158E6005C8370 /* Zokoma.xcdatamodel */,
			);
			currentVersion = 826FE0C21C1158E6005C8370 /* Zokoma.xcdatamodel */;
			path = Zokoma.xcdatamodeld;
			sourceTree = "<group>";
			versionGroupType = wrapper.xcdatamodel;
		};
/* End XCVersionGroup section */
	};
	rootObject = 820F56571C04309F00EBC7DE /* Project object */;
}
